
Microsoft Visual Studio Solution File, Format Version 12.00
# Visual Studio Version 17
VisualStudioVersion = 17.1.32421.90
MinimumVisualStudioVersion = 10.0.40219.1
Project("{9A19103F-16F7-4668-BE54-9A1E7A4F7556}") = "Food4You", "Food4You\Food4You.csproj", "{BDEE911D-1475-4F76-BCBD-B0A73B2DF344}"
EndProject
Project("{FAE04EC0-301F-11D3-BF4B-00C04F79EFBC}") = "Food4You.Services", "Food4You.Services\Food4You.Services.csproj", "{2BE08094-E68B-4DC7-B1B0-90A1B96E43ED}"
EndProject
Project("{FAE04EC0-301F-11D3-BF4B-00C04F79EFBC}") = "Food4You.Model", "Food4You.Model\Food4You.Model.csproj", "{D38EF3B2-099E-4CD7-9CFA-7AD5568C9168}"
EndProject
Global
	GlobalSection(SolutionConfigurationPlatforms) = preSolution
		Debug|Any CPU = Debug|Any CPU
		Release|Any CPU = Release|Any CPU
	EndGlobalSection
	GlobalSection(ProjectConfigurationPlatforms) = postSolution
		{BDEE911D-1475-4F76-BCBD-B0A73B2DF344}.Debug|Any CPU.ActiveCfg = Debug|Any CPU
		{BDEE911D-1475-4F76-BCBD-B0A73B2DF344}.Debug|Any CPU.Build.0 = Debug|Any CPU
		{BDEE911D-1475-4F76-BCBD-B0A73B2DF344}.Release|Any CPU.ActiveCfg = Release|Any CPU
		{BDEE911D-1475-4F76-BCBD-B0A73B2DF344}.Release|Any CPU.Build.0 = Release|Any CPU
		{2BE08094-E68B-4DC7-B1B0-90A1B96E43ED}.Debug|Any CPU.ActiveCfg = Debug|Any CPU
		{2BE08094-E68B-4DC7-B1B0-90A1B96E43ED}.Debug|Any CPU.Build.0 = Debug|Any CPU
		{2BE08094-E68B-4DC7-B1B0-90A1B96E43ED}.Release|Any CPU.ActiveCfg = Release|Any CPU
		{2BE08094-E68B-4DC7-B1B0-90A1B96E43ED}.Release|Any CPU.Build.0 = Release|Any CPU
		{D38EF3B2-099E-4CD7-9CFA-7AD5568C9168}.Debug|Any CPU.ActiveCfg = Debug|Any CPU
		{D38EF3B2-099E-4CD7-9CFA-7AD5568C9168}.Debug|Any CPU.Build.0 = Debug|Any CPU
		{D38EF3B2-099E-4CD7-9CFA-7AD5568C9168}.Release|Any CPU.ActiveCfg = Release|Any CPU
		{D38EF3B2-099E-4CD7-9CFA-7AD5568C9168}.Release|Any CPU.Build.0 = Release|Any CPU
	EndGlobalSection
	GlobalSection(SolutionProperties) = preSolution
		HideSolutionNode = FALSE
	EndGlobalSection
	GlobalSection(ExtensibilityGlobals) = postSolution
		SolutionGuid = {1B935D42-B0C6-438C-A816-2FEC44F3723D}
	EndGlobalSection
EndGlobal
